// !$*UTF8*$!
{
	archiveVersion = 1;
	classes = {
	};
	objectVersion = 56;
	objects = {

/* Begin PBXBuildFile section */
		96A60CB72AB85E8200242180 /* AppDelegate.swift in Sources */ = {isa = PBXBuildFile; fileRef = 96A60CB62AB85E8200242180 /* AppDelegate.swift */; };
		96A60CB92AB85E8200242180 /* SceneDelegate.swift in Sources */ = {isa = PBXBuildFile; fileRef = 96A60CB82AB85E8200242180 /* SceneDelegate.swift */; };
		96A60CBB2AB85E8200242180 /* ViewController.swift in Sources */ = {isa = PBXBuildFile; fileRef = 96A60CBA2AB85E8200242180 /* ViewController.swift */; };
		96A60CBE2AB85E8200242180 /* Main.storyboard in Resources */ = {isa = PBXBuildFile; fileRef = 96A60CBC2AB85E8200242180 /* Main.storyboard */; };
		96A60CC02AB85E8300242180 /* Assets.xcassets in Resources */ = {isa = PBXBuildFile; fileRef = 96A60CBF2AB85E8300242180 /* Assets.xcassets */; };
		96A60CC32AB85E8300242180 /* LaunchScreen.storyboard in Resources */ = {isa = PBXBuildFile; fileRef = 96A60CC12AB85E8300242180 /* LaunchScreen.storyboard */; };
		96A60CCF2AB8614900242180 /* SnapKit in Frameworks */ = {isa = PBXBuildFile; productRef = 96A60CCE2AB8614900242180 /* SnapKit */; };
		96A60CD12AB86A2000242180 /* TodoView.swift in Sources */ = {isa = PBXBuildFile; fileRef = 96A60CD02AB86A2000242180 /* TodoView.swift */; };
		96A60CD32AB86A2900242180 /* DoneView.swift in Sources */ = {isa = PBXBuildFile; fileRef = 96A60CD22AB86A2900242180 /* DoneView.swift */; };
		96A60CD72AB873AF00242180 /* Model.swift in Sources */ = {isa = PBXBuildFile; fileRef = 96A60CD62AB873AF00242180 /* Model.swift */; };
		96A60CD92AB8823100242180 /* CumstomCell.swift in Sources */ = {isa = PBXBuildFile; fileRef = 96A60CD82AB8823100242180 /* CumstomCell.swift */; };
/* End PBXBuildFile section */

/* Begin PBXFileReference section */
		96A60CB32AB85E8200242180 /* DoitSometing_Memo.app */ = {isa = PBXFileReference; explicitFileType = wrapper.application; includeInIndex = 0; path = DoitSometing_Memo.app; sourceTree = BUILT_PRODUCTS_DIR; };
		96A60CB62AB85E8200242180 /* AppDelegate.swift */ = {isa = PBXFileReference; lastKnownFileType = sourcecode.swift; path = AppDelegate.swift; sourceTree = "<group>"; };
		96A60CB82AB85E8200242180 /* SceneDelegate.swift */ = {isa = PBXFileReference; lastKnownFileType = sourcecode.swift; path = SceneDelegate.swift; sourceTree = "<group>"; };
		96A60CBA2AB85E8200242180 /* ViewController.swift */ = {isa = PBXFileReference; lastKnownFileType = sourcecode.swift; path = ViewController.swift; sourceTree = "<group>"; };
		96A60CBD2AB85E8200242180 /* Base */ = {isa = PBXFileReference; lastKnownFileType = file.storyboard; name = Base; path = Base.lproj/Main.storyboard; sourceTree = "<group>"; };
		96A60CBF2AB85E8300242180 /* Assets.xcassets */ = {isa = PBXFileReference; lastKnownFileType = folder.assetcatalog; path = Assets.xcassets; sourceTree = "<group>"; };
		96A60CC22AB85E8300242180 /* Base */ = {isa = PBXFileReference; lastKnownFileType = file.storyboard; name = Base; path = Base.lproj/LaunchScreen.storyboard; sourceTree = "<group>"; };
		96A60CC42AB85E8300242180 /* Info.plist */ = {isa = PBXFileReference; lastKnownFileType = text.plist.xml; path = Info.plist; sourceTree = "<group>"; };
		96A60CD02AB86A2000242180 /* TodoView.swift */ = {isa = PBXFileReference; lastKnownFileType = sourcecode.swift; path = TodoView.swift; sourceTree = "<group>"; };
		96A60CD22AB86A2900242180 /* DoneView.swift */ = {isa = PBXFileReference; lastKnownFileType = sourcecode.swift; path = DoneView.swift; sourceTree = "<group>"; };
		96A60CD62AB873AF00242180 /* Model.swift */ = {isa = PBXFileReference; lastKnownFileType = sourcecode.swift; path = Model.swift; sourceTree = "<group>"; };
		96A60CD82AB8823100242180 /* CumstomCell.swift */ = {isa = PBXFileReference; lastKnownFileType = sourcecode.swift; path = CumstomCell.swift; sourceTree = "<group>"; };
/* End PBXFileReference section */

/* Begin PBXFrameworksBuildPhase section */
		96A60CB02AB85E8200242180 /* Frameworks */ = {
			isa = PBXFrameworksBuildPhase;
			buildActionMask = 2147483647;
			files = (
				96A60CCF2AB8614900242180 /* SnapKit in Frameworks */,
			);
			runOnlyForDeploymentPostprocessing = 0;
		};
/* End PBXFrameworksBuildPhase section */

/* Begin PBXGroup section */
		96A60CAA2AB85E8200242180 = {
			isa = PBXGroup;
			children = (
				96A60CB52AB85E8200242180 /* DoitSometing_Memo */,
				96A60CB42AB85E8200242180 /* Products */,
			);
			sourceTree = "<group>";
		};
		96A60CB42AB85E8200242180 /* Products */ = {
			isa = PBXGroup;
			children = (
				96A60CB32AB85E8200242180 /* DoitSometing_Memo.app */,
			);
			name = Products;
			sourceTree = "<group>";
		};
		96A60CB52AB85E8200242180 /* DoitSometing_Memo */ = {
			isa = PBXGroup;
			children = (
				96A60CDA2ABAA2D700242180 /* View */,
				96A60CCB2AB85EC300242180 /* Controller */,
				96A60CCA2AB85EBA00242180 /* Model */,
				96A60CB62AB85E8200242180 /* AppDelegate.swift */,
				96A60CB82AB85E8200242180 /* SceneDelegate.swift */,
				96A60CBC2AB85E8200242180 /* Main.storyboard */,
				96A60CBF2AB85E8300242180 /* Assets.xcassets */,
				96A60CC12AB85E8300242180 /* LaunchScreen.storyboard */,
				96A60CC42AB85E8300242180 /* Info.plist */,
			);
			path = DoitSometing_Memo;
			sourceTree = "<group>";
		};
		96A60CCA2AB85EBA00242180 /* Model */ = {
			isa = PBXGroup;
			children = (
				96A60CD62AB873AF00242180 /* Model.swift */,
			);
			path = Model;
			sourceTree = "<group>";
		};
		96A60CCB2AB85EC300242180 /* Controller */ = {
			isa = PBXGroup;
			children = (
				96A60CBA2AB85E8200242180 /* ViewController.swift */,
			);
			path = Controller;
			sourceTree = "<group>";
		};
		96A60CDA2ABAA2D700242180 /* View */ = {
			isa = PBXGroup;
			children = (
				96A60CD02AB86A2000242180 /* TodoView.swift */,
				96A60CD82AB8823100242180 /* CumstomCell.swift */,
				96A60CD22AB86A2900242180 /* DoneView.swift */,
			);
			path = View;
			sourceTree = "<group>";
		};
/* End PBXGroup section */

/* Begin PBXNativeTarget section */
		96A60CB22AB85E8200242180 /* DoitSometing_Memo */ = {
			isa = PBXNativeTarget;
			buildConfigurationList = 96A60CC72AB85E8300242180 /* Build configuration list for PBXNativeTarget "DoitSometing_Memo" */;
			buildPhases = (
				96A60CAF2AB85E8200242180 /* Sources */,
				96A60CB02AB85E8200242180 /* Frameworks */,
				96A60CB12AB85E8200242180 /* Resources */,
			);
			buildRules = (
			);
			dependencies = (
			);
			name = DoitSometing_Memo;
			packageProductDependencies = (
				96A60CCE2AB8614900242180 /* SnapKit */,
			);
			productName = DoitSometing_Memo;
			productReference = 96A60CB32AB85E8200242180 /* DoitSometing_Memo.app */;
			productType = "com.apple.product-type.application";
		};
/* End PBXNativeTarget section */

/* Begin PBXProject section */
		96A60CAB2AB85E8200242180 /* Project object */ = {
			isa = PBXProject;
			attributes = {
				BuildIndependentTargetsInParallel = 1;
				LastSwiftUpdateCheck = 1430;
				LastUpgradeCheck = 1430;
				TargetAttributes = {
					96A60CB22AB85E8200242180 = {
						CreatedOnToolsVersion = 14.3.1;
					};
				};
			};
			buildConfigurationList = 96A60CAE2AB85E8200242180 /* Build configuration list for PBXProject "DoitSometing_Memo" */;
			compatibilityVersion = "Xcode 14.0";
			developmentRegion = en;
			hasScannedForEncodings = 0;
			knownRegions = (
				en,
				Base,
			);
			mainGroup = 96A60CAA2AB85E8200242180;
			packageReferences = (
				96A60CCD2AB8614900242180 /* XCRemoteSwiftPackageReference "SnapKit" */,
			);
			productRefGroup = 96A60CB42AB85E8200242180 /* Products */;
			projectDirPath = "";
			projectRoot = "";
			targets = (
				96A60CB22AB85E8200242180 /* DoitSometing_Memo */,
			);
		};
/* End PBXProject section */

/* Begin PBXResourcesBuildPhase section */
		96A60CB12AB85E8200242180 /* Resources */ = {
			isa = PBXResourcesBuildPhase;
			buildActionMask = 2147483647;
			files = (
				96A60CC32AB85E8300242180 /* LaunchScreen.storyboard in Resources */,
				96A60CC02AB85E8300242180 /* Assets.xcassets in Resources */,
				96A60CBE2AB85E8200242180 /* Main.storyboard in Resources */,
			);
			runOnlyForDeploymentPostprocessing = 0;
		};
/* End PBXResourcesBuildPhase section */

/* Begin PBXSourcesBuildPhase section */
		96A60CAF2AB85E8200242180 /* Sources */ = {
			isa = PBXSourcesBuildPhase;
			buildActionMask = 2147483647;
			files = (
				96A60CD72AB873AF00242180 /* Model.swift in Sources */,
				96A60CBB2AB85E8200242180 /* ViewController.swift in Sources */,
				96A60CB72AB85E8200242180 /* AppDelegate.swift in Sources */,
				96A60CD12AB86A2000242180 /* TodoView.swift in Sources */,
				96A60CD32AB86A2900242180 /* DoneView.swift in Sources */,
				96A60CD92AB8823100242180 /* CumstomCell.swift in Sources */,
				96A60CB92AB85E8200242180 /* SceneDelegate.swift in Sources */,
			);
			runOnlyForDeploymentPostprocessing = 0;
		};
/* End PBXSourcesBuildPhase section */

/* Begin PBXVariantGroup section */
		96A60CBC2AB85E8200242180 /* Main.storyboard */ = {
			isa = PBXVariantGroup;
			children = (
				96A60CBD2AB85E8200242180 /* Base */,
			);
			name = Main.storyboard;
			sourceTree = "<group>";
		};
		96A60CC12AB85E8300242180 /* LaunchScreen.storyboard */ = {
			isa = PBXVariantGroup;
			children = (
				96A60CC22AB85E8300242180 /* Base */,
			);
			name = LaunchScreen.storyboard;
			sourceTree = "<group>";
		};
/* End PBXVariantGroup section */

/* Begin XCBuildConfiguration section */
		96A60CC52AB85E8300242180 /* Debug */ = {
			isa = XCBuildConfiguration;
			buildSettings = {
				ALWAYS_SEARCH_USER_PATHS = NO;
				CLANG_ANALYZER_NONNULL = YES;
				CLANG_ANALYZER_NUMBER_OBJECT_CONVERSION = YES_AGGRESSIVE;
				CLANG_CXX_LANGUAGE_STANDARD = "gnu++20";
				CLANG_ENABLE_MODULES = YES;
				CLANG_ENABLE_OBJC_ARC = YES;
				CLANG_ENABLE_OBJC_WEAK = YES;
				CLANG_WARN_BLOCK_CAPTURE_AUTORELEASING = YES;
				CLANG_WARN_BOOL_CONVERSION = YES;
				CLANG_WARN_COMMA = YES;
				CLANG_WARN_CONSTANT_CONVERSION = YES;
				CLANG_WARN_DEPRECATED_OBJC_IMPLEMENTATIONS = YES;
				CLANG_WARN_DIRECT_OBJC_ISA_USAGE = YES_ERROR;
				CLANG_WARN_DOCUMENTATION_COMMENTS = YES;
				CLANG_WARN_EMPTY_BODY = YES;
				CLANG_WARN_ENUM_CONVERSION = YES;
				CLANG_WARN_INFINITE_RECURSION = YES;
				CLANG_WARN_INT_CONVERSION = YES;
				CLANG_WARN_NON_LITERAL_NULL_CONVERSION = YES;
				CLANG_WARN_OBJC_IMPLICIT_RETAIN_SELF = YES;
				CLANG_WARN_OBJC_LITERAL_CONVERSION = YES;
				CLANG_WARN_OBJC_ROOT_CLASS = YES_ERROR;
				CLANG_WARN_QUOTED_INCLUDE_IN_FRAMEWORK_HEADER = YES;
				CLANG_WARN_RANGE_LOOP_ANALYSIS = YES;
				CLANG_WARN_STRICT_PROTOTYPES = YES;
				CLANG_WARN_SUSPICIOUS_MOVE = YES;
				CLANG_WARN_UNGUARDED_AVAILABILITY = YES_AGGRESSIVE;
				CLANG_WARN_UNREACHABLE_CODE = YES;
				CLANG_WARN__DUPLICATE_METHOD_MATCH = YES;
				COPY_PHASE_STRIP = NO;
				DEBUG_INFORMATION_FORMAT = dwarf;
				ENABLE_STRICT_OBJC_MSGSEND = YES;
				ENABLE_TESTABILITY = YES;
				GCC_C_LANGUAGE_STANDARD = gnu11;
				GCC_DYNAMIC_NO_PIC = NO;
				GCC_NO_COMMON_BLOCKS = YES;
				GCC_OPTIMIZATION_LEVEL = 0;
				GCC_PREPROCESSOR_DEFINITIONS = (
					"DEBUG=1",
					"$(inherited)",
				);
				GCC_WARN_64_TO_32_BIT_CONVERSION = YES;
				GCC_WARN_ABOUT_RETURN_TYPE = YES_ERROR;
				GCC_WARN_UNDECLARED_SELECTOR = YES;
				GCC_WARN_UNINITIALIZED_AUTOS = YES_AGGRESSIVE;
				GCC_WARN_UNUSED_FUNCTION = YES;
				GCC_WARN_UNUSED_VARIABLE = YES;
				IPHONEOS_DEPLOYMENT_TARGET = 16.4;
				MTL_ENABLE_DEBUG_INFO = INCLUDE_SOURCE;
				MTL_FAST_MATH = YES;
				ONLY_ACTIVE_ARCH = YES;
				SDKROOT = iphoneos;
				SWIFT_ACTIVE_COMPILATION_CONDITIONS = DEBUG;
				SWIFT_OPTIMIZATION_LEVEL = "-Onone";
			};
			name = Debug;
		};
		96A60CC62AB85E8300242180 /* Release */ = {
			isa = XCBuildConfiguration;
			buildSettings = {
				ALWAYS_SEARCH_USER_PATHS = NO;
				CLANG_ANALYZER_NONNULL = YES;
				CLANG_ANALYZER_NUMBER_OBJECT_CONVERSION = YES_AGGRESSIVE;
				CLANG_CXX_LANGUAGE_STANDARD = "gnu++20";
				CLANG_ENABLE_MODULES = YES;
				CLANG_ENABLE_OBJC_ARC = YES;
				CLANG_ENABLE_OBJC_WEAK = YES;
				CLANG_WARN_BLOCK_CAPTURE_AUTORELEASING = YES;
				CLANG_WARN_BOOL_CONVERSION = YES;
				CLANG_WARN_COMMA = YES;
				CLANG_WARN_CONSTANT_CONVERSION = YES;
				CLANG_WARN_DEPRECATED_OBJC_IMPLEMENTATIONS = YES;
				CLANG_WARN_DIRECT_OBJC_ISA_USAGE = YES_ERROR;
				CLANG_WARN_DOCUMENTATION_COMMENTS = YES;
				CLANG_WARN_EMPTY_BODY = YES;
				CLANG_WARN_ENUM_CONVERSION = YES;
				CLANG_WARN_INFINITE_RECURSION = YES;
				CLANG_WARN_INT_CONVERSION = YES;
				CLANG_WARN_NON_LITERAL_NULL_CONVERSION = YES;
				CLANG_WARN_OBJC_IMPLICIT_RETAIN_SELF = YES;
				CLANG_WARN_OBJC_LITERAL_CONVERSION = YES;
				CLANG_WARN_OBJC_ROOT_CLASS = YES_ERROR;
				CLANG_WARN_QUOTED_INCLUDE_IN_FRAMEWORK_HEADER = YES;
				CLANG_WARN_RANGE_LOOP_ANALYSIS = YES;
				CLANG_WARN_STRICT_PROTOTYPES = YES;
				CLANG_WARN_SUSPICIOUS_MOVE = YES;
				CLANG_WARN_UNGUARDED_AVAILABILITY = YES_AGGRESSIVE;
				CLANG_WARN_UNREACHABLE_CODE = YES;
				CLANG_WARN__DUPLICATE_METHOD_MATCH = YES;
				COPY_PHASE_STRIP = NO;
				DEBUG_INFORMATION_FORMAT = "dwarf-with-dsym";
				ENABLE_NS_ASSERTIONS = NO;
				ENABLE_STRICT_OBJC_MSGSEND = YES;
				GCC_C_LANGUAGE_STANDARD = gnu11;
				GCC_NO_COMMON_BLOCKS = YES;
				GCC_WARN_64_TO_32_BIT_CONVERSION = YES;
				GCC_WARN_ABOUT_RETURN_TYPE = YES_ERROR;
				GCC_WARN_UNDECLARED_SELECTOR = YES;
				GCC_WARN_UNINITIALIZED_AUTOS = YES_AGGRESSIVE;
				GCC_WARN_UNUSED_FUNCTION = YES;
				GCC_WARN_UNUSED_VARIABLE = YES;
				IPHONEOS_DEPLOYMENT_TARGET = 16.4;
				MTL_ENABLE_DEBUG_INFO = NO;
				MTL_FAST_MATH = YES;
				SDKROOT = iphoneos;
				SWIFT_COMPILATION_MODE = wholemodule;
				SWIFT_OPTIMIZATION_LEVEL = "-O";
				VALIDATE_PRODUCT = YES;
			};
			name = Release;
		};
		96A60CC82AB85E8300242180 /* Debug */ = {
			isa = XCBuildConfiguration;
			buildSettings = {
				ASSETCATALOG_COMPILER_APPICON_NAME = AppIcon;
				ASSETCATALOG_COMPILER_GLOBAL_ACCENT_COLOR_NAME = AccentColor;
				CODE_SIGN_STYLE = Automatic;
				CURRENT_PROJECT_VERSION = 1;
				GENERATE_INFOPLIST_FILE = YES;
				INFOPLIST_FILE = DoitSometing_Memo/Info.plist;
				INFOPLIST_KEY_UIApplicationSupportsIndirectInputEvents = YES;
				INFOPLIST_KEY_UILaunchStoryboardName = LaunchScreen;
				INFOPLIST_KEY_UIMainStoryboardFile = Main;
				INFOPLIST_KEY_UISupportedInterfaceOrientations_iPad = "UIInterfaceOrientationPortrait UIInterfaceOrientationPortraitUpsideDown UIInterfaceOrientationLandscapeLeft UIInterfaceOrientationLandscapeRight";
				INFOPLIST_KEY_UISupportedInterfaceOrientations_iPhone = "UIInterfaceOrientationPortrait UIInterfaceOrientationLandscapeLeft UIInterfaceOrientationLandscapeRight";
				LD_RUNPATH_SEARCH_PATHS = (
					"$(inherited)",
					"@executable_path/Frameworks",
				);
				MARKETING_VERSION = 1.0;
				PRODUCT_BUNDLE_IDENTIFIER = "Projec-2249.DoitSometing-Memo";
				PRODUCT_NAME = "$(TARGET_NAME)";
				SWIFT_EMIT_LOC_STRINGS = YES;
				SWIFT_VERSION = 5.0;
				TARGETED_DEVICE_FAMILY = "1,2";
			};
			name = Debug;
		};
		96A60CC92AB85E8300242180 /* Release */ = {
			isa = XCBuildConfiguration;
			buildSettings = {
				ASSETCATALOG_COMPILER_APPICON_NAME = AppIcon;
				ASSETCATALOG_COMPILER_GLOBAL_ACCENT_COLOR_NAME = AccentColor;
				CODE_SIGN_STYLE = Automatic;
				CURRENT_PROJECT_VERSION = 1;
				GENERATE_INFOPLIST_FILE = YES;
				INFOPLIST_FILE = DoitSometing_Memo/Info.plist;
				INFOPLIST_KEY_UIApplicationSupportsIndirectInputEvents = YES;
				INFOPLIST_KEY_UILaunchStoryboardName = LaunchScreen;
				INFOPLIST_KEY_UIMainStoryboardFile = Main;
				INFOPLIST_KEY_UISupportedInterfaceOrientations_iPad = "UIInterfaceOrientationPortrait UIInterfaceOrientationPortraitUpsideDown UIInterfaceOrientationLandscapeLeft UIInterfaceOrientationLandscapeRight";
				INFOPLIST_KEY_UISupportedInterfaceOrientations_iPhone = "UIInterfaceOrientationPortrait UIInterfaceOrientationLandscapeLeft UIInterfaceOrientationLandscapeRight";
				LD_RUNPATH_SEARCH_PATHS = (
					"$(inherited)",
					"@executable_path/Frameworks",
				);
				MARKETING_VERSION = 1.0;
				PRODUCT_BUNDLE_IDENTIFIER = "Projec-2249.DoitSometing-Memo";
				PRODUCT_NAME = "$(TARGET_NAME)";
				SWIFT_EMIT_LOC_STRINGS = YES;
				SWIFT_VERSION = 5.0;
				TARGETED_DEVICE_FAMILY = "1,2";
			};
			name = Release;
		};
/* End XCBuildConfiguration section */

/* Begin XCConfigurationList section */
		96A60CAE2AB85E8200242180 /* Build configuration list for PBXProject "DoitSometing_Memo" */ = {
			isa = XCConfigurationList;
			buildConfigurations = (
				96A60CC52AB85E8300242180 /* Debug */,
				96A60CC62AB85E8300242180 /* Release */,
			);
			defaultConfigurationIsVisible = 0;
			defaultConfigurationName = Release;
		};
		96A60CC72AB85E8300242180 /* Build configuration list for PBXNativeTarget "DoitSometing_Memo" */ = {
			isa = XCConfigurationList;
			buildConfigurations = (
				96A60CC82AB85E8300242180 /* Debug */,
				96A60CC92AB85E8300242180 /* Release */,
			);
			defaultConfigurationIsVisible = 0;
			defaultConfigurationName = Release;
		};
/* End XCConfigurationList section */

/* Begin XCRemoteSwiftPackageReference section */
		96A60CCD2AB8614900242180 /* XCRemoteSwiftPackageReference "SnapKit" */ = {
			isa = XCRemoteSwiftPackageReference;
			repositoryURL = "https://github.com/SnapKit/SnapKit";
			requirement = {
				kind = upToNextMajorVersion;
				minimumVersion = 5.0.0;
			};
		};
/* End XCRemoteSwiftPackageReference section */

/* Begin XCSwiftPackageProductDependency section */
		96A60CCE2AB8614900242180 /* SnapKit */ = {
			isa = XCSwiftPackageProductDependency;
			package = 96A60CCD2AB8614900242180 /* XCRemoteSwiftPackageReference "SnapKit" */;
			productName = SnapKit;
		};
/* End XCSwiftPackageProductDependency section */
	};
	rootObject = 96A60CAB2AB85E8200242180 /* Project object */;
}
